
Microsoft Visual Studio Solution File, Format Version 12.00
# Visual Studio Version 17
VisualStudioVersion = 17.5.33516.290
MinimumVisualStudioVersion = 10.0.40219.1
Project("{FAE04EC0-301F-11D3-BF4B-00C04F79EFBC}") = "ContactsAPI", "ContactsAPI\ContactsAPI.csproj", "{1E711BF5-0A9D-46CE-9F98-7B792923DA3B}"
EndProject
Global
	GlobalSection(SolutionConfigurationPlatforms) = preSolution
		Debug|Any CPU = Debug|Any CPU
		Release|Any CPU = Release|Any CPU
	EndGlobalSection
	GlobalSection(ProjectConfigurationPlatforms) = postSolution
		{1E711BF5-0A9D-46CE-9F98-7B792923DA3B}.Debug|Any CPU.ActiveCfg = Debug|Any CPU
		{1E711BF5-0A9D-46CE-9F98-7B792923DA3B}.Debug|Any CPU.Build.0 = Debug|Any CPU
		{1E711BF5-0A9D-46CE-9F98-7B792923DA3B}.Release|Any CPU.ActiveCfg = Release|Any CPU
		{1E711BF5-0A9D-46CE-9F98-7B792923DA3B}.Release|Any CPU.Build.0 = Release|Any CPU
	EndGlobalSection
	GlobalSection(SolutionProperties) = preSolution
		HideSolutionNode = FALSE
	EndGlobalSection
	GlobalSection(ExtensibilityGlobals) = postSolution
		SolutionGuid = {A0F963DD-4C53-4C1A-B23A-8FCC26F381FD}
	EndGlobalSection
EndGlobal
